        "mermaid": "10.9.3",
      "version": "3.33.1",
      "resolved": "https://registry.npmjs.org/cytoscape/-/cytoscape-3.33.1.tgz",
      "integrity": "sha512-iJc4TwyANnOGR1OmWhsS9ayRS3s+XQ185FmuHObThD+5AeJCakAAbWv8KimMTt08xCCLNgneQwFp+JRJOr9qGQ==",
      "license": "MIT",
      "version": "0.9.3",
      "resolved": "https://registry.npmjs.org/elkjs/-/elkjs-0.9.3.tgz",
      "integrity": "sha512-f/ZeWvW/BCXbhGEf1Ujp29EASo/lk1FDnETgNKwJrsVvGZhUWCZyg3xLJjAsxfOmt8KjswHmI5EwCQcPMpOYhQ==",
      "license": "EPL-2.0"
      "version": "10.9.3",
      "resolved": "https://registry.npmjs.org/mermaid/-/mermaid-10.9.3.tgz",
      "integrity": "sha512-V80X1isSEvAewIL3xhmz/rVmc27CVljcsbWxkxlWJWY/1kQa4XOABqpDl2qQLGKzpKm6WbTfUEKImBlUfFYArw==",
      "license": "MIT",
        "cytoscape": "^3.28.1",
        "dompurify": "^3.0.5 <3.1.7",
        "elkjs": "^0.9.0",
        "katex": "^0.16.9",
    "node_modules/mermaid/node_modules/commander": {
      "version": "8.3.0",
      "resolved": "https://registry.npmjs.org/commander/-/commander-8.3.0.tgz",
      "integrity": "sha512-OkTL9umf+He2DZkUq8f8J9of7yL6RJKI24dVITBmNfZBmri9zYZQrKkuXiKhyfPSu8tUhnVBB1iKXevvnlR4Ww==",
      "license": "MIT",
      "engines": {
        "node": ">= 12"
      }
    },
    "node_modules/mermaid/node_modules/katex": {
      "version": "0.16.25",
      "resolved": "https://registry.npmjs.org/katex/-/katex-0.16.25.tgz",
      "integrity": "sha512-woHRUZ/iF23GBP1dkDQMh1QBad9dmr8/PAwNA54VrSOVYgI12MAcE14TqnDdQOdzyEonGzMepYnqBMYdsoAr8Q==",
      "funding": [
        "https://opencollective.com/katex",
        "https://github.com/sponsors/katex"
      ],
      "license": "MIT",
      "dependencies": {
        "commander": "^8.3.0"
      },
      "bin": {
        "katex": "cli.js"
      }
    },
      "version": "3.33.1",
      "resolved": "https://registry.npmjs.org/cytoscape/-/cytoscape-3.33.1.tgz",
      "integrity": "sha512-iJc4TwyANnOGR1OmWhsS9ayRS3s+XQ185FmuHObThD+5AeJCakAAbWv8KimMTt08xCCLNgneQwFp+JRJOr9qGQ=="
      "version": "0.9.3",
      "resolved": "https://registry.npmjs.org/elkjs/-/elkjs-0.9.3.tgz",
      "integrity": "sha512-f/ZeWvW/BCXbhGEf1Ujp29EASo/lk1FDnETgNKwJrsVvGZhUWCZyg3xLJjAsxfOmt8KjswHmI5EwCQcPMpOYhQ=="
      "version": "10.9.3",
      "resolved": "https://registry.npmjs.org/mermaid/-/mermaid-10.9.3.tgz",
      "integrity": "sha512-V80X1isSEvAewIL3xhmz/rVmc27CVljcsbWxkxlWJWY/1kQa4XOABqpDl2qQLGKzpKm6WbTfUEKImBlUfFYArw==",
        "cytoscape": "^3.28.1",
        "dompurify": "^3.0.5 <3.1.7",
        "elkjs": "^0.9.0",
        "katex": "^0.16.9",
        "commander": {
          "version": "8.3.0",
          "resolved": "https://registry.npmjs.org/commander/-/commander-8.3.0.tgz",
          "integrity": "sha512-OkTL9umf+He2DZkUq8f8J9of7yL6RJKI24dVITBmNfZBmri9zYZQrKkuXiKhyfPSu8tUhnVBB1iKXevvnlR4Ww=="
        },
        "katex": {
          "version": "0.16.25",
          "resolved": "https://registry.npmjs.org/katex/-/katex-0.16.25.tgz",
          "integrity": "sha512-woHRUZ/iF23GBP1dkDQMh1QBad9dmr8/PAwNA54VrSOVYgI12MAcE14TqnDdQOdzyEonGzMepYnqBMYdsoAr8Q==",
          "requires": {
            "commander": "^8.3.0"
          }
        },
